
Microsoft Visual Studio Solution File, Format Version 12.00
# Visual Studio Version 17
VisualStudioVersion = 17.8.34525.116
MinimumVisualStudioVersion = 10.0.40219.1
Project("{FAE04EC0-301F-11D3-BF4B-00C04F79EFBC}") = "RecipeApp3", "RecipeApp3\RecipeApp3.csproj", "{6F070914-8AF3-4632-98C4-DC3E6BEA8237}"
EndProject
Global
	GlobalSection(SolutionConfigurationPlatforms) = preSolution
		Debug|Any CPU = Debug|Any CPU
		Release|Any CPU = Release|Any CPU
	EndGlobalSection
	GlobalSection(ProjectConfigurationPlatforms) = postSolution
		{6F070914-8AF3-4632-98C4-DC3E6BEA8237}.Debug|Any CPU.ActiveCfg = Debug|Any CPU
		{6F070914-8AF3-4632-98C4-DC3E6BEA8237}.Debug|Any CPU.Build.0 = Debug|Any CPU
		{6F070914-8AF3-4632-98C4-DC3E6BEA8237}.Release|Any CPU.ActiveCfg = Release|Any CPU
		{6F070914-8AF3-4632-98C4-DC3E6BEA8237}.Release|Any CPU.Build.0 = Release|Any CPU
	EndGlobalSection
	GlobalSection(SolutionProperties) = preSolution
		HideSolutionNode = FALSE
	EndGlobalSection
	GlobalSection(ExtensibilityGlobals) = postSolution
		SolutionGuid = {E810BB38-CF23-4C29-93D5-248B714F76F8}
	EndGlobalSection
EndGlobal
